// !$*UTF8*$!
{
	archiveVersion = 1;
	classes = {
	};
	objectVersion = 46;
	objects = {

/* Begin PBXBuildFile section */
		93A42BB9169154E800ED596B /* Cocoa.framework in Frameworks */ = {isa = PBXBuildFile; fileRef = 93A42BB8169154E800ED596B /* Cocoa.framework */; };
		93A42BC3169154E800ED596B /* InfoPlist.strings in Resources */ = {isa = PBXBuildFile; fileRef = 93A42BC1169154E800ED596B /* InfoPlist.strings */; };
		93A42BC5169154E800ED596B /* main.m in Sources */ = {isa = PBXBuildFile; fileRef = 93A42BC4169154E800ED596B /* main.m */; };
		93A42BC9169154E800ED596B /* Credits.rtf in Resources */ = {isa = PBXBuildFile; fileRef = 93A42BC7169154E800ED596B /* Credits.rtf */; };
		93A42BCC169154E800ED596B /* INOAppDelegate.m in Sources */ = {isa = PBXBuildFile; fileRef = 93A42BCB169154E800ED596B /* INOAppDelegate.m */; };
		93A42BCF169154E800ED596B /* MainMenu.xib in Resources */ = {isa = PBXBuildFile; fileRef = 93A42BCD169154E800ED596B /* MainMenu.xib */; };
		93D1BC04169367B200F6EB79 /* Inconsolata.ttf in Resources */ = {isa = PBXBuildFile; fileRef = 93D1BC03169367B200F6EB79 /* Inconsolata.ttf */; };
		93D1BC121694F01E00F6EB79 /* Inconsolata-webfont.eot in Resources */ = {isa = PBXBuildFile; fileRef = 93D1BC0B1694F01E00F6EB79 /* Inconsolata-webfont.eot */; };
		93D1BC131694F01E00F6EB79 /* Inconsolata-webfont.svg in Resources */ = {isa = PBXBuildFile; fileRef = 93D1BC0C1694F01E00F6EB79 /* Inconsolata-webfont.svg */; };
		93D1BC141694F01E00F6EB79 /* Inconsolata-webfont.ttf in Resources */ = {isa = PBXBuildFile; fileRef = 93D1BC0D1694F01E00F6EB79 /* Inconsolata-webfont.ttf */; };
		93D1BC151694F01E00F6EB79 /* Inconsolata-webfont.woff in Resources */ = {isa = PBXBuildFile; fileRef = 93D1BC0E1694F01E00F6EB79 /* Inconsolata-webfont.woff */; };
		93D1BC161694F01E00F6EB79 /* regex_ref.html in Resources */ = {isa = PBXBuildFile; fileRef = 93D1BC0F1694F01E00F6EB79 /* regex_ref.html */; };
		93D1BC171694F01E00F6EB79 /* SIL Open Font License 1.1.txt in Resources */ = {isa = PBXBuildFile; fileRef = 93D1BC101694F01E00F6EB79 /* SIL Open Font License 1.1.txt */; };
		93D1BC181694F01E00F6EB79 /* stylesheet.css in Resources */ = {isa = PBXBuildFile; fileRef = 93D1BC111694F01E00F6EB79 /* stylesheet.css */; };
		93D1BC1F1695273700F6EB79 /* WebKit.framework in Frameworks */ = {isa = PBXBuildFile; fileRef = 93D1BC1E1695273700F6EB79 /* WebKit.framework */; };
/* End PBXBuildFile section */

/* Begin PBXFileReference section */
		93A42BB4169154E800ED596B /* NSRegexTester.app */ = {isa = PBXFileReference; explicitFileType = wrapper.application; includeInIndex = 0; path = NSRegexTester.app; sourceTree = BUILT_PRODUCTS_DIR; };
		93A42BB8169154E800ED596B /* Cocoa.framework */ = {isa = PBXFileReference; lastKnownFileType = wrapper.framework; name = Cocoa.framework; path = System/Library/Frameworks/Cocoa.framework; sourceTree = SDKROOT; };
		93A42BBB169154E800ED596B /* AppKit.framework */ = {isa = PBXFileReference; lastKnownFileType = wrapper.framework; name = AppKit.framework; path = System/Library/Frameworks/AppKit.framework; sourceTree = SDKROOT; };
		93A42BBC169154E800ED596B /* CoreData.framework */ = {isa = PBXFileReference; lastKnownFileType = wrapper.framework; name = CoreData.framework; path = System/Library/Frameworks/CoreData.framework; sourceTree = SDKROOT; };
		93A42BBD169154E800ED596B /* Foundation.framework */ = {isa = PBXFileReference; lastKnownFileType = wrapper.framework; name = Foundation.framework; path = System/Library/Frameworks/Foundation.framework; sourceTree = SDKROOT; };
		93A42BC0169154E800ED596B /* NSRegexTester-Info.plist */ = {isa = PBXFileReference; lastKnownFileType = text.plist.xml; path = "NSRegexTester-Info.plist"; sourceTree = "<group>"; };
		93A42BC2169154E800ED596B /* en */ = {isa = PBXFileReference; lastKnownFileType = text.plist.strings; name = en; path = en.lproj/InfoPlist.strings; sourceTree = "<group>"; };
		93A42BC4169154E800ED596B /* main.m */ = {isa = PBXFileReference; lastKnownFileType = sourcecode.c.objc; path = main.m; sourceTree = "<group>"; };
		93A42BC6169154E800ED596B /* NSRegexTester-Prefix.pch */ = {isa = PBXFileReference; lastKnownFileType = sourcecode.c.h; path = "NSRegexTester-Prefix.pch"; sourceTree = "<group>"; };
		93A42BC8169154E800ED596B /* en */ = {isa = PBXFileReference; lastKnownFileType = text.rtf; name = en; path = en.lproj/Credits.rtf; sourceTree = "<group>"; };
		93A42BCA169154E800ED596B /* INOAppDelegate.h */ = {isa = PBXFileReference; lastKnownFileType = sourcecode.c.h; path = INOAppDelegate.h; sourceTree = "<group>"; };
		93A42BCB169154E800ED596B /* INOAppDelegate.m */ = {isa = PBXFileReference; lastKnownFileType = sourcecode.c.objc; path = INOAppDelegate.m; sourceTree = "<group>"; };
		93A42BCE169154E800ED596B /* en */ = {isa = PBXFileReference; lastKnownFileType = file.xib; name = en; path = en.lproj/MainMenu.xib; sourceTree = "<group>"; };
		93D1BC03169367B200F6EB79 /* Inconsolata.ttf */ = {isa = PBXFileReference; lastKnownFileType = file; path = Inconsolata.ttf; sourceTree = "<group>"; };
		93D1BC0B1694F01E00F6EB79 /* Inconsolata-webfont.eot */ = {isa = PBXFileReference; lastKnownFileType = file; path = "Inconsolata-webfont.eot"; sourceTree = "<group>"; };
		93D1BC0C1694F01E00F6EB79 /* Inconsolata-webfont.svg */ = {isa = PBXFileReference; fileEncoding = 4; lastKnownFileType = text.xml; path = "Inconsolata-webfont.svg"; sourceTree = "<group>"; };
		93D1BC0D1694F01E00F6EB79 /* Inconsolata-webfont.ttf */ = {isa = PBXFileReference; lastKnownFileType = file; path = "Inconsolata-webfont.ttf"; sourceTree = "<group>"; };
		93D1BC0E1694F01E00F6EB79 /* Inconsolata-webfont.woff */ = {isa = PBXFileReference; lastKnownFileType = file; path = "Inconsolata-webfont.woff"; sourceTree = "<group>"; };
		93D1BC0F1694F01E00F6EB79 /* regex_ref.html */ = {isa = PBXFileReference; fileEncoding = 4; lastKnownFileType = text.html; path = regex_ref.html; sourceTree = "<group>"; };
		93D1BC101694F01E00F6EB79 /* SIL Open Font License 1.1.txt */ = {isa = PBXFileReference; fileEncoding = 4; lastKnownFileType = text; path = "SIL Open Font License 1.1.txt"; sourceTree = "<group>"; };
		93D1BC111694F01E00F6EB79 /* stylesheet.css */ = {isa = PBXFileReference; fileEncoding = 4; lastKnownFileType = text.css; path = stylesheet.css; sourceTree = "<group>"; };
		93D1BC1E1695273700F6EB79 /* WebKit.framework */ = {isa = PBXFileReference; lastKnownFileType = wrapper.framework; name = WebKit.framework; path = System/Library/Frameworks/WebKit.framework; sourceTree = SDKROOT; };
/* End PBXFileReference section */

/* Begin PBXFrameworksBuildPhase section */
		93A42BB1169154E800ED596B /* Frameworks */ = {
			isa = PBXFrameworksBuildPhase;
			buildActionMask = 2147483647;
			files = (
				93D1BC1F1695273700F6EB79 /* WebKit.framework in Frameworks */,
				93A42BB9169154E800ED596B /* Cocoa.framework in Frameworks */,
			);
			runOnlyForDeploymentPostprocessing = 0;
		};
/* End PBXFrameworksBuildPhase section */

/* Begin PBXGroup section */
		93A42BA9169154E800ED596B = {
			isa = PBXGroup;
			children = (
				93A42BBE169154E800ED596B /* NSRegexTester */,
				93A42BB7169154E800ED596B /* Frameworks */,
				93A42BB5169154E800ED596B /* Products */,
			);
			sourceTree = "<group>";
		};
		93A42BB5169154E800ED596B /* Products */ = {
			isa = PBXGroup;
			children = (
				93A42BB4169154E800ED596B /* NSRegexTester.app */,
			);
			name = Products;
			sourceTree = "<group>";
		};
		93A42BB7169154E800ED596B /* Frameworks */ = {
			isa = PBXGroup;
			children = (
				93D1BC1E1695273700F6EB79 /* WebKit.framework */,
				93A42BB8169154E800ED596B /* Cocoa.framework */,
				93A42BBA169154E800ED596B /* Other Frameworks */,
			);
			name = Frameworks;
			sourceTree = "<group>";
		};
		93A42BBA169154E800ED596B /* Other Frameworks */ = {
			isa = PBXGroup;
			children = (
				93A42BBB169154E800ED596B /* AppKit.framework */,
				93A42BBC169154E800ED596B /* CoreData.framework */,
				93A42BBD169154E800ED596B /* Foundation.framework */,
			);
			name = "Other Frameworks";
			sourceTree = "<group>";
		};
		93A42BBE169154E800ED596B /* NSRegexTester */ = {
			isa = PBXGroup;
			children = (
				93A42BCA169154E800ED596B /* INOAppDelegate.h */,
				93A42BCB169154E800ED596B /* INOAppDelegate.m */,
				93A42BCD169154E800ED596B /* MainMenu.xib */,
				93A42BBF169154E800ED596B /* Supporting Files */,
			);
			path = NSRegexTester;
			sourceTree = "<group>";
		};
		93A42BBF169154E800ED596B /* Supporting Files */ = {
			isa = PBXGroup;
			children = (
				93D1BC03169367B200F6EB79 /* Inconsolata.ttf */,
				93A42BC0169154E800ED596B /* NSRegexTester-Info.plist */,
				93A42BC1169154E800ED596B /* InfoPlist.strings */,
				93A42BC4169154E800ED596B /* main.m */,
				93A42BC6169154E800ED596B /* NSRegexTester-Prefix.pch */,
				93A42BC7169154E800ED596B /* Credits.rtf */,
				93D1BC0A1694F01E00F6EB79 /* regex_ref */,
			);
			name = "Supporting Files";
			sourceTree = "<group>";
		};
		93D1BC0A1694F01E00F6EB79 /* regex_ref */ = {
			isa = PBXGroup;
			children = (
				93D1BC0B1694F01E00F6EB79 /* Inconsolata-webfont.eot */,
				93D1BC0C1694F01E00F6EB79 /* Inconsolata-webfont.svg */,
				93D1BC0D1694F01E00F6EB79 /* Inconsolata-webfont.ttf */,
				93D1BC0E1694F01E00F6EB79 /* Inconsolata-webfont.woff */,
				93D1BC0F1694F01E00F6EB79 /* regex_ref.html */,
				93D1BC101694F01E00F6EB79 /* SIL Open Font License 1.1.txt */,
				93D1BC111694F01E00F6EB79 /* stylesheet.css */,
			);
			path = regex_ref;
			sourceTree = "<group>";
		};
/* End PBXGroup section */

/* Begin PBXNativeTarget section */
		93A42BB3169154E800ED596B /* NSRegexTester */ = {
			isa = PBXNativeTarget;
			buildConfigurationList = 93A42BD2169154E800ED596B /* Build configuration list for PBXNativeTarget "NSRegexTester" */;
			buildPhases = (
				93A42BB0169154E800ED596B /* Sources */,
				93A42BB1169154E800ED596B /* Frameworks */,
				93A42BB2169154E800ED596B /* Resources */,
			);
			buildRules = (
			);
			dependencies = (
			);
			name = NSRegexTester;
			productName = NSRegexTester;
			productReference = 93A42BB4169154E800ED596B /* NSRegexTester.app */;
			productType = "com.apple.product-type.application";
		};
/* End PBXNativeTarget section */

/* Begin PBXProject section */
		93A42BAB169154E800ED596B /* Project object */ = {
			isa = PBXProject;
			attributes = {
				CLASSPREFIX = INO;
				LastUpgradeCheck = 0450;
				ORGANIZATIONNAME = "Aaron Vegh";
			};
			buildConfigurationList = 93A42BAE169154E800ED596B /* Build configuration list for PBXProject "NSRegexTester" */;
			compatibilityVersion = "Xcode 3.2";
			developmentRegion = English;
			hasScannedForEncodings = 0;
			knownRegions = (
				en,
			);
			mainGroup = 93A42BA9169154E800ED596B;
			productRefGroup = 93A42BB5169154E800ED596B /* Products */;
			projectDirPath = "";
			projectRoot = "";
			targets = (
				93A42BB3169154E800ED596B /* NSRegexTester */,
			);
		};
/* End PBXProject section */

/* Begin PBXResourcesBuildPhase section */
		93A42BB2169154E800ED596B /* Resources */ = {
			isa = PBXResourcesBuildPhase;
			buildActionMask = 2147483647;
			files = (
				93A42BC3169154E800ED596B /* InfoPlist.strings in Resources */,
				93A42BC9169154E800ED596B /* Credits.rtf in Resources */,
				93A42BCF169154E800ED596B /* MainMenu.xib in Resources */,
				93D1BC04169367B200F6EB79 /* Inconsolata.ttf in Resources */,
				93D1BC121694F01E00F6EB79 /* Inconsolata-webfont.eot in Resources */,
				93D1BC131694F01E00F6EB79 /* Inconsolata-webfont.svg in Resources */,
				93D1BC141694F01E00F6EB79 /* Inconsolata-webfont.ttf in Resources */,
				93D1BC151694F01E00F6EB79 /* Inconsolata-webfont.woff in Resources */,
				93D1BC161694F01E00F6EB79 /* regex_ref.html in Resources */,
				93D1BC171694F01E00F6EB79 /* SIL Open Font License 1.1.txt in Resources */,
				93D1BC181694F01E00F6EB79 /* stylesheet.css in Resources */,
			);
			runOnlyForDeploymentPostprocessing = 0;
		};
/* End PBXResourcesBuildPhase section */

/* Begin PBXSourcesBuildPhase section */
		93A42BB0169154E800ED596B /* Sources */ = {
			isa = PBXSourcesBuildPhase;
			buildActionMask = 2147483647;
			files = (
				93A42BC5169154E800ED596B /* main.m in Sources */,
				93A42BCC169154E800ED596B /* INOAppDelegate.m in Sources */,
			);
			runOnlyForDeploymentPostprocessing = 0;
		};
/* End PBXSourcesBuildPhase section */

/* Begin PBXVariantGroup section */
		93A42BC1169154E800ED596B /* InfoPlist.strings */ = {
			isa = PBXVariantGroup;
			children = (
				93A42BC2169154E800ED596B /* en */,
			);
			name = InfoPlist.strings;
			sourceTree = "<group>";
		};
		93A42BC7169154E800ED596B /* Credits.rtf */ = {
			isa = PBXVariantGroup;
			children = (
				93A42BC8169154E800ED596B /* en */,
			);
			name = Credits.rtf;
			sourceTree = "<group>";
		};
		93A42BCD169154E800ED596B /* MainMenu.xib */ = {
			isa = PBXVariantGroup;
			children = (
				93A42BCE169154E800ED596B /* en */,
			);
			name = MainMenu.xib;
			sourceTree = "<group>";
		};
/* End PBXVariantGroup section */

/* Begin XCBuildConfiguration section */
		93A42BD0169154E800ED596B /* Debug */ = {
			isa = XCBuildConfiguration;
			buildSettings = {
				ALWAYS_SEARCH_USER_PATHS = NO;
				ARCHS = "$(ARCHS_STANDARD_64_BIT)";
				CLANG_CXX_LANGUAGE_STANDARD = "gnu++0x";
				CLANG_CXX_LIBRARY = "libc++";
				CLANG_ENABLE_OBJC_ARC = YES;
				CLANG_WARN_EMPTY_BODY = YES;
				CLANG_WARN__DUPLICATE_METHOD_MATCH = YES;
				COPY_PHASE_STRIP = NO;
				GCC_C_LANGUAGE_STANDARD = gnu99;
				GCC_DYNAMIC_NO_PIC = NO;
				GCC_ENABLE_OBJC_EXCEPTIONS = YES;
				GCC_OPTIMIZATION_LEVEL = 0;
				GCC_PREPROCESSOR_DEFINITIONS = (
					"DEBUG=1",
					"$(inherited)",
				);
				GCC_SYMBOLS_PRIVATE_EXTERN = NO;
				GCC_WARN_64_TO_32_BIT_CONVERSION = YES;
				GCC_WARN_ABOUT_RETURN_TYPE = YES;
				GCC_WARN_UNINITIALIZED_AUTOS = YES;
				GCC_WARN_UNUSED_VARIABLE = YES;
				MACOSX_DEPLOYMENT_TARGET = 10.8;
				ONLY_ACTIVE_ARCH = YES;
				SDKROOT = macosx;
			};
			name = Debug;
		};
		93A42BD1169154E800ED596B /* Release */ = {
			isa = XCBuildConfiguration;
			buildSettings = {
				ALWAYS_SEARCH_USER_PATHS = NO;
				ARCHS = "$(ARCHS_STANDARD_64_BIT)";
				CLANG_CXX_LANGUAGE_STANDARD = "gnu++0x";
				CLANG_CXX_LIBRARY = "libc++";
				CLANG_ENABLE_OBJC_ARC = YES;
				CLANG_WARN_EMPTY_BODY = YES;
				CLANG_WARN__DUPLICATE_METHOD_MATCH = YES;
				COPY_PHASE_STRIP = YES;
				DEBUG_INFORMATION_FORMAT = "dwarf-with-dsym";
				GCC_C_LANGUAGE_STANDARD = gnu99;
				GCC_ENABLE_OBJC_EXCEPTIONS = YES;
				GCC_WARN_64_TO_32_BIT_CONVERSION = YES;
				GCC_WARN_ABOUT_RETURN_TYPE = YES;
				GCC_WARN_UNINITIALIZED_AUTOS = YES;
				GCC_WARN_UNUSED_VARIABLE = YES;
				MACOSX_DEPLOYMENT_TARGET = 10.8;
				SDKROOT = macosx;
			};
			name = Release;
		};
		93A42BD3169154E800ED596B /* Debug */ = {
			isa = XCBuildConfiguration;
			buildSettings = {
				COMBINE_HIDPI_IMAGES = YES;
				GCC_PRECOMPILE_PREFIX_HEADER = YES;
				GCC_PREFIX_HEADER = "NSRegexTester/NSRegexTester-Prefix.pch";
				INFOPLIST_FILE = "NSRegexTester/NSRegexTester-Info.plist";
				PRODUCT_NAME = "$(TARGET_NAME)";
				WRAPPER_EXTENSION = app;
			};
			name = Debug;
		};
		93A42BD4169154E800ED596B /* Release */ = {
			isa = XCBuildConfiguration;
			buildSettings = {
				COMBINE_HIDPI_IMAGES = YES;
				GCC_PRECOMPILE_PREFIX_HEADER = YES;
				GCC_PREFIX_HEADER = "NSRegexTester/NSRegexTester-Prefix.pch";
				INFOPLIST_FILE = "NSRegexTester/NSRegexTester-Info.plist";
				PRODUCT_NAME = "$(TARGET_NAME)";
				WRAPPER_EXTENSION = app;
			};
			name = Release;
		};
/* End XCBuildConfiguration section */

/* Begin XCConfigurationList section */
		93A42BAE169154E800ED596B /* Build configuration list for PBXProject "NSRegexTester" */ = {
			isa = XCConfigurationList;
			buildConfigurations = (
				93A42BD0169154E800ED596B /* Debug */,
				93A42BD1169154E800ED596B /* Release */,
			);
			defaultConfigurationIsVisible = 0;
			defaultConfigurationName = Release;
		};
		93A42BD2169154E800ED596B /* Build configuration list for PBXNativeTarget "NSRegexTester" */ = {
			isa = XCConfigurationList;
			buildConfigurations = (
				93A42BD3169154E800ED596B /* Debug */,
				93A42BD4169154E800ED596B /* Release */,
			);
			defaultConfigurationIsVisible = 0;
			defaultConfigurationName = Release;
		};
/* End XCConfigurationList section */
	};
	rootObject = 93A42BAB169154E800ED596B /* Project object */;
}
